
Microsoft Visual Studio Solution File, Format Version 12.00
# Visual Studio Version 17
VisualStudioVersion = 17.11.35327.3
MinimumVisualStudioVersion = 10.0.40219.1
Project("{FAE04EC0-301F-11D3-BF4B-00C04F79EFBC}") = "13_TomA_aantalDagen", "13_TomA_aantalDagen\13_TomA_aantalDagen.csproj", "{0530CBF1-EB52-4794-B840-D28377BC6B58}"
EndProject
Global
	GlobalSection(SolutionConfigurationPlatforms) = preSolution
		Debug|Any CPU = Debug|Any CPU
		Release|Any CPU = Release|Any CPU
	EndGlobalSection
	GlobalSection(ProjectConfigurationPlatforms) = postSolution
		{0530CBF1-EB52-4794-B840-D28377BC6B58}.Debug|Any CPU.ActiveCfg = Debug|Any CPU
		{0530CBF1-EB52-4794-B840-D28377BC6B58}.Debug|Any CPU.Build.0 = Debug|Any CPU
		{0530CBF1-EB52-4794-B840-D28377BC6B58}.Release|Any CPU.ActiveCfg = Release|Any CPU
		{0530CBF1-EB52-4794-B840-D28377BC6B58}.Release|Any CPU.Build.0 = Release|Any CPU
	EndGlobalSection
	GlobalSection(SolutionProperties) = preSolution
		HideSolutionNode = FALSE
	EndGlobalSection
	GlobalSection(ExtensibilityGlobals) = postSolution
		SolutionGuid = {18E647DE-9047-4CBC-BEB3-F4EC89CB5235}
	EndGlobalSection
EndGlobal
