
Microsoft Visual Studio Solution File, Format Version 12.00
# Visual Studio Version 17
VisualStudioVersion = 17.13.35818.85 d17.13
MinimumVisualStudioVersion = 10.0.40219.1
Project("{FAE04EC0-301F-11D3-BF4B-00C04F79EFBC}") = "26_TomLln", "26_TomLln\26_TomLln.csproj", "{235855A8-6F18-452D-8CD5-65B2E9D16663}"
EndProject
Global
	GlobalSection(SolutionConfigurationPlatforms) = preSolution
		Debug|Any CPU = Debug|Any CPU
		Release|Any CPU = Release|Any CPU
	EndGlobalSection
	GlobalSection(ProjectConfigurationPlatforms) = postSolution
		{235855A8-6F18-452D-8CD5-65B2E9D16663}.Debug|Any CPU.ActiveCfg = Debug|Any CPU
		{235855A8-6F18-452D-8CD5-65B2E9D16663}.Debug|Any CPU.Build.0 = Debug|Any CPU
		{235855A8-6F18-452D-8CD5-65B2E9D16663}.Release|Any CPU.ActiveCfg = Release|Any CPU
		{235855A8-6F18-452D-8CD5-65B2E9D16663}.Release|Any CPU.Build.0 = Release|Any CPU
	EndGlobalSection
	GlobalSection(SolutionProperties) = preSolution
		HideSolutionNode = FALSE
	EndGlobalSection
	GlobalSection(ExtensibilityGlobals) = postSolution
		SolutionGuid = {A85406B0-7D56-455C-9963-2D7F9D484804}
	EndGlobalSection
EndGlobal
