
Microsoft Visual Studio Solution File, Format Version 12.00
# Visual Studio Version 17
VisualStudioVersion = 17.11.35327.3
MinimumVisualStudioVersion = 10.0.40219.1
Project("{FAE04EC0-301F-11D3-BF4B-00C04F79EFBC}") = "05_TomA_Tussen100", "05_TomA_Tussen100\05_TomA_Tussen100.csproj", "{41A1191D-C94C-4F10-A535-07A6DC995BBF}"
EndProject
Global
	GlobalSection(SolutionConfigurationPlatforms) = preSolution
		Debug|Any CPU = Debug|Any CPU
		Release|Any CPU = Release|Any CPU
	EndGlobalSection
	GlobalSection(ProjectConfigurationPlatforms) = postSolution
		{41A1191D-C94C-4F10-A535-07A6DC995BBF}.Debug|Any CPU.ActiveCfg = Debug|Any CPU
		{41A1191D-C94C-4F10-A535-07A6DC995BBF}.Debug|Any CPU.Build.0 = Debug|Any CPU
		{41A1191D-C94C-4F10-A535-07A6DC995BBF}.Release|Any CPU.ActiveCfg = Release|Any CPU
		{41A1191D-C94C-4F10-A535-07A6DC995BBF}.Release|Any CPU.Build.0 = Release|Any CPU
	EndGlobalSection
	GlobalSection(SolutionProperties) = preSolution
		HideSolutionNode = FALSE
	EndGlobalSection
	GlobalSection(ExtensibilityGlobals) = postSolution
		SolutionGuid = {5F94F4F0-6EB7-4363-818B-4E71BE83AEA9}
	EndGlobalSection
EndGlobal
